
Microsoft Visual Studio Solution File, Format Version 12.00
# Visual Studio Version 16
VisualStudioVersion = 25.0.1706.11
MinimumVisualStudioVersion = 10.0.40219.1
Project("{FAE04EC0-301F-11D3-BF4B-00C04F79EFBC}") = "CONSWARE_Vhicles", "CONSWARE_Vhicles\CONSWARE_Vhicles.csproj", "{5E2E4FBE-189C-4F2E-A1BB-D7991D18299F}"
EndProject
Global
	GlobalSection(SolutionConfigurationPlatforms) = preSolution
		Debug|Any CPU = Debug|Any CPU
		Release|Any CPU = Release|Any CPU
	EndGlobalSection
	GlobalSection(ProjectConfigurationPlatforms) = postSolution
		{5E2E4FBE-189C-4F2E-A1BB-D7991D18299F}.Debug|Any CPU.ActiveCfg = Debug|Any CPU
		{5E2E4FBE-189C-4F2E-A1BB-D7991D18299F}.Debug|Any CPU.Build.0 = Debug|Any CPU
		{5E2E4FBE-189C-4F2E-A1BB-D7991D18299F}.Release|Any CPU.ActiveCfg = Release|Any CPU
		{5E2E4FBE-189C-4F2E-A1BB-D7991D18299F}.Release|Any CPU.Build.0 = Release|Any CPU
	EndGlobalSection
	GlobalSection(SolutionProperties) = preSolution
		HideSolutionNode = FALSE
	EndGlobalSection
	GlobalSection(ExtensibilityGlobals) = postSolution
		SolutionGuid = {42906F8A-893B-43F5-A42E-A99449EF7177}
	EndGlobalSection
EndGlobal
